
Microsoft Visual Studio Solution File, Format Version 12.00
# Visual Studio 15
VisualStudioVersion = 15.0.28010.2050
MinimumVisualStudioVersion = 10.0.40219.1
Project("{FAE04EC0-301F-11D3-BF4B-00C04F79EFBC}") = "CarRental.Core", "CarRental.Core\CarRental.Core.csproj", "{44D50FE2-4A1D-4F6E-BE4D-6A10DDB5330A}"
EndProject
Project("{FAE04EC0-301F-11D3-BF4B-00C04F79EFBC}") = "CarRental.DataAccess.SQL", "CarRental.DataAccess.SQL\CarRental.DataAccess.SQL.csproj", "{F4E31187-B45A-4005-B337-5C22D21BC826}"
EndProject
Project("{FAE04EC0-301F-11D3-BF4B-00C04F79EFBC}") = "CarRental.Services", "CarRental.Services\CarRental.Services.csproj", "{7D116153-20F0-4751-9F3A-31C7BE9EC722}"
EndProject
Project("{FAE04EC0-301F-11D3-BF4B-00C04F79EFBC}") = "CarRental.WebUI", "CarRental.WebUI\CarRental.WebUI.csproj", "{52FBBA25-3C70-4EDA-B9EA-A3E0AFA59288}"
EndProject
Project("{FAE04EC0-301F-11D3-BF4B-00C04F79EFBC}") = "CarRental.WebUI.Tests", "CarRental.WebUI.Tests\CarRental.WebUI.Tests.csproj", "{1B5C2A53-B57F-4C49-A0E5-09FF99B45E53}"
EndProject
Global
	GlobalSection(SolutionConfigurationPlatforms) = preSolution
		Debug|Any CPU = Debug|Any CPU
		Release|Any CPU = Release|Any CPU
	EndGlobalSection
	GlobalSection(ProjectConfigurationPlatforms) = postSolution
		{44D50FE2-4A1D-4F6E-BE4D-6A10DDB5330A}.Debug|Any CPU.ActiveCfg = Debug|Any CPU
		{44D50FE2-4A1D-4F6E-BE4D-6A10DDB5330A}.Debug|Any CPU.Build.0 = Debug|Any CPU
		{44D50FE2-4A1D-4F6E-BE4D-6A10DDB5330A}.Release|Any CPU.ActiveCfg = Release|Any CPU
		{44D50FE2-4A1D-4F6E-BE4D-6A10DDB5330A}.Release|Any CPU.Build.0 = Release|Any CPU
		{F4E31187-B45A-4005-B337-5C22D21BC826}.Debug|Any CPU.ActiveCfg = Debug|Any CPU
		{F4E31187-B45A-4005-B337-5C22D21BC826}.Debug|Any CPU.Build.0 = Debug|Any CPU
		{F4E31187-B45A-4005-B337-5C22D21BC826}.Release|Any CPU.ActiveCfg = Release|Any CPU
		{F4E31187-B45A-4005-B337-5C22D21BC826}.Release|Any CPU.Build.0 = Release|Any CPU
		{7D116153-20F0-4751-9F3A-31C7BE9EC722}.Debug|Any CPU.ActiveCfg = Debug|Any CPU
		{7D116153-20F0-4751-9F3A-31C7BE9EC722}.Debug|Any CPU.Build.0 = Debug|Any CPU
		{7D116153-20F0-4751-9F3A-31C7BE9EC722}.Release|Any CPU.ActiveCfg = Release|Any CPU
		{7D116153-20F0-4751-9F3A-31C7BE9EC722}.Release|Any CPU.Build.0 = Release|Any CPU
		{52FBBA25-3C70-4EDA-B9EA-A3E0AFA59288}.Debug|Any CPU.ActiveCfg = Debug|Any CPU
		{52FBBA25-3C70-4EDA-B9EA-A3E0AFA59288}.Debug|Any CPU.Build.0 = Debug|Any CPU
		{52FBBA25-3C70-4EDA-B9EA-A3E0AFA59288}.Release|Any CPU.ActiveCfg = Release|Any CPU
		{52FBBA25-3C70-4EDA-B9EA-A3E0AFA59288}.Release|Any CPU.Build.0 = Release|Any CPU
		{1B5C2A53-B57F-4C49-A0E5-09FF99B45E53}.Debug|Any CPU.ActiveCfg = Debug|Any CPU
		{1B5C2A53-B57F-4C49-A0E5-09FF99B45E53}.Debug|Any CPU.Build.0 = Debug|Any CPU
		{1B5C2A53-B57F-4C49-A0E5-09FF99B45E53}.Release|Any CPU.ActiveCfg = Release|Any CPU
		{1B5C2A53-B57F-4C49-A0E5-09FF99B45E53}.Release|Any CPU.Build.0 = Release|Any CPU
	EndGlobalSection
	GlobalSection(SolutionProperties) = preSolution
		HideSolutionNode = FALSE
	EndGlobalSection
	GlobalSection(ExtensibilityGlobals) = postSolution
		SolutionGuid = {E86F0F01-43E4-4398-B3F8-2F9C2AC9D723}
	EndGlobalSection
EndGlobal
